
Microsoft Visual Studio Solution File, Format Version 12.00
# Visual Studio 14
VisualStudioVersion = 14.0.23107.0
MinimumVisualStudioVersion = 10.0.40219.1
Project("{FAE04EC0-301F-11D3-BF4B-00C04F79EFBC}") = "_1_CustomLINQmethods", "ConsoleApplication1\_1_CustomLINQmethods.csproj", "{C1B47033-7E6C-417C-BFB9-A119E76DEA4D}"
EndProject
Project("{FAE04EC0-301F-11D3-BF4B-00C04F79EFBC}") = "_2_InterestCalculator", "_2_InterestCalculator\_2_InterestCalculator.csproj", "{0A189570-3F22-4A68-9BD5-9C1FBE35B414}"
EndProject
Project("{FAE04EC0-301F-11D3-BF4B-00C04F79EFBC}") = "_3_AsynchronousTimer", "_3_AsynchronousTimer\_3_AsynchronousTimer.csproj", "{F8E1B564-C4D7-4B7B-91C4-8F9F17E43E77}"
EndProject
Project("{FAE04EC0-301F-11D3-BF4B-00C04F79EFBC}") = "_4_StudentClass", "_4_StudentClass\_4_StudentClass.csproj", "{9E6042A8-AFCB-4D16-97D3-FBBF2C14276C}"
EndProject
Global
	GlobalSection(SolutionConfigurationPlatforms) = preSolution
		Debug|Any CPU = Debug|Any CPU
		Release|Any CPU = Release|Any CPU
	EndGlobalSection
	GlobalSection(ProjectConfigurationPlatforms) = postSolution
		{C1B47033-7E6C-417C-BFB9-A119E76DEA4D}.Debug|Any CPU.ActiveCfg = Debug|Any CPU
		{C1B47033-7E6C-417C-BFB9-A119E76DEA4D}.Debug|Any CPU.Build.0 = Debug|Any CPU
		{C1B47033-7E6C-417C-BFB9-A119E76DEA4D}.Release|Any CPU.ActiveCfg = Release|Any CPU
		{C1B47033-7E6C-417C-BFB9-A119E76DEA4D}.Release|Any CPU.Build.0 = Release|Any CPU
		{0A189570-3F22-4A68-9BD5-9C1FBE35B414}.Debug|Any CPU.ActiveCfg = Debug|Any CPU
		{0A189570-3F22-4A68-9BD5-9C1FBE35B414}.Debug|Any CPU.Build.0 = Debug|Any CPU
		{0A189570-3F22-4A68-9BD5-9C1FBE35B414}.Release|Any CPU.ActiveCfg = Release|Any CPU
		{0A189570-3F22-4A68-9BD5-9C1FBE35B414}.Release|Any CPU.Build.0 = Release|Any CPU
		{F8E1B564-C4D7-4B7B-91C4-8F9F17E43E77}.Debug|Any CPU.ActiveCfg = Debug|Any CPU
		{F8E1B564-C4D7-4B7B-91C4-8F9F17E43E77}.Debug|Any CPU.Build.0 = Debug|Any CPU
		{F8E1B564-C4D7-4B7B-91C4-8F9F17E43E77}.Release|Any CPU.ActiveCfg = Release|Any CPU
		{F8E1B564-C4D7-4B7B-91C4-8F9F17E43E77}.Release|Any CPU.Build.0 = Release|Any CPU
		{9E6042A8-AFCB-4D16-97D3-FBBF2C14276C}.Debug|Any CPU.ActiveCfg = Debug|Any CPU
		{9E6042A8-AFCB-4D16-97D3-FBBF2C14276C}.Debug|Any CPU.Build.0 = Debug|Any CPU
		{9E6042A8-AFCB-4D16-97D3-FBBF2C14276C}.Release|Any CPU.ActiveCfg = Release|Any CPU
		{9E6042A8-AFCB-4D16-97D3-FBBF2C14276C}.Release|Any CPU.Build.0 = Release|Any CPU
	EndGlobalSection
	GlobalSection(SolutionProperties) = preSolution
		HideSolutionNode = FALSE
	EndGlobalSection
EndGlobal
