
Microsoft Visual Studio Solution File, Format Version 12.00
# Visual Studio 2013
VisualStudioVersion = 12.0.31101.0
MinimumVisualStudioVersion = 10.0.40219.1
Project("{FAE04EC0-301F-11D3-BF4B-00C04F79EFBC}") = "Odd Lines", "Odd Lines\Odd Lines.csproj", "{2919B999-593C-494B-BD69-F70F4D4B69AD}"
EndProject
Project("{FAE04EC0-301F-11D3-BF4B-00C04F79EFBC}") = "LineNumber", "LineNumber\LineNumber.csproj", "{34D0DF33-90FF-4633-A06F-391511D5B276}"
EndProject
Project("{FAE04EC0-301F-11D3-BF4B-00C04F79EFBC}") = "CopyBinaryFile", "CopyBinaryFile\CopyBinaryFile.csproj", "{8970B102-B76D-4253-A197-6E06089936EF}"
EndProject
Project("{FAE04EC0-301F-11D3-BF4B-00C04F79EFBC}") = "SlicingFiles", "SlicingFiles\SlicingFiles.csproj", "{522E6BAC-6141-411D-9816-043A528834B0}"
EndProject
Project("{FAE04EC0-301F-11D3-BF4B-00C04F79EFBC}") = "ZippingSlicedFiles", "ZippingSlicedFiles\ZippingSlicedFiles.csproj", "{A921EA0B-BFE7-457C-9AF9-13945748B5C4}"
EndProject
Project("{FAE04EC0-301F-11D3-BF4B-00C04F79EFBC}") = "3WordCount", "3WordCount\3WordCount.csproj", "{4DEEDFB2-F9BC-47B7-9A0A-3FAB39077FC5}"
EndProject
Project("{FAE04EC0-301F-11D3-BF4B-00C04F79EFBC}") = "7DirectoryTraversal", "7DirectoryTraversal\7DirectoryTraversal.csproj", "{5D745303-17B4-448A-AEDE-B4EF049C418D}"
EndProject
Global
	GlobalSection(SolutionConfigurationPlatforms) = preSolution
		Debug|Any CPU = Debug|Any CPU
		Release|Any CPU = Release|Any CPU
	EndGlobalSection
	GlobalSection(ProjectConfigurationPlatforms) = postSolution
		{2919B999-593C-494B-BD69-F70F4D4B69AD}.Debug|Any CPU.ActiveCfg = Debug|Any CPU
		{2919B999-593C-494B-BD69-F70F4D4B69AD}.Debug|Any CPU.Build.0 = Debug|Any CPU
		{2919B999-593C-494B-BD69-F70F4D4B69AD}.Release|Any CPU.ActiveCfg = Release|Any CPU
		{2919B999-593C-494B-BD69-F70F4D4B69AD}.Release|Any CPU.Build.0 = Release|Any CPU
		{34D0DF33-90FF-4633-A06F-391511D5B276}.Debug|Any CPU.ActiveCfg = Debug|Any CPU
		{34D0DF33-90FF-4633-A06F-391511D5B276}.Debug|Any CPU.Build.0 = Debug|Any CPU
		{34D0DF33-90FF-4633-A06F-391511D5B276}.Release|Any CPU.ActiveCfg = Release|Any CPU
		{34D0DF33-90FF-4633-A06F-391511D5B276}.Release|Any CPU.Build.0 = Release|Any CPU
		{8970B102-B76D-4253-A197-6E06089936EF}.Debug|Any CPU.ActiveCfg = Debug|Any CPU
		{8970B102-B76D-4253-A197-6E06089936EF}.Debug|Any CPU.Build.0 = Debug|Any CPU
		{8970B102-B76D-4253-A197-6E06089936EF}.Release|Any CPU.ActiveCfg = Release|Any CPU
		{8970B102-B76D-4253-A197-6E06089936EF}.Release|Any CPU.Build.0 = Release|Any CPU
		{522E6BAC-6141-411D-9816-043A528834B0}.Debug|Any CPU.ActiveCfg = Debug|Any CPU
		{522E6BAC-6141-411D-9816-043A528834B0}.Debug|Any CPU.Build.0 = Debug|Any CPU
		{522E6BAC-6141-411D-9816-043A528834B0}.Release|Any CPU.ActiveCfg = Release|Any CPU
		{522E6BAC-6141-411D-9816-043A528834B0}.Release|Any CPU.Build.0 = Release|Any CPU
		{A921EA0B-BFE7-457C-9AF9-13945748B5C4}.Debug|Any CPU.ActiveCfg = Debug|Any CPU
		{A921EA0B-BFE7-457C-9AF9-13945748B5C4}.Debug|Any CPU.Build.0 = Debug|Any CPU
		{A921EA0B-BFE7-457C-9AF9-13945748B5C4}.Release|Any CPU.ActiveCfg = Release|Any CPU
		{A921EA0B-BFE7-457C-9AF9-13945748B5C4}.Release|Any CPU.Build.0 = Release|Any CPU
		{4DEEDFB2-F9BC-47B7-9A0A-3FAB39077FC5}.Debug|Any CPU.ActiveCfg = Debug|Any CPU
		{4DEEDFB2-F9BC-47B7-9A0A-3FAB39077FC5}.Debug|Any CPU.Build.0 = Debug|Any CPU
		{4DEEDFB2-F9BC-47B7-9A0A-3FAB39077FC5}.Release|Any CPU.ActiveCfg = Release|Any CPU
		{4DEEDFB2-F9BC-47B7-9A0A-3FAB39077FC5}.Release|Any CPU.Build.0 = Release|Any CPU
		{5D745303-17B4-448A-AEDE-B4EF049C418D}.Debug|Any CPU.ActiveCfg = Debug|Any CPU
		{5D745303-17B4-448A-AEDE-B4EF049C418D}.Debug|Any CPU.Build.0 = Debug|Any CPU
		{5D745303-17B4-448A-AEDE-B4EF049C418D}.Release|Any CPU.ActiveCfg = Release|Any CPU
		{5D745303-17B4-448A-AEDE-B4EF049C418D}.Release|Any CPU.Build.0 = Release|Any CPU
	EndGlobalSection
	GlobalSection(SolutionProperties) = preSolution
		HideSolutionNode = FALSE
	EndGlobalSection
EndGlobal
