
Microsoft Visual Studio Solution File, Format Version 12.00
# Visual Studio 2013
VisualStudioVersion = 12.0.31101.0
MinimumVisualStudioVersion = 10.0.40219.1
Project("{FAE04EC0-301F-11D3-BF4B-00C04F79EFBC}") = "_1.Point3D", "_1.Point3D\_1.Point3D.csproj", "{104B5324-F7DC-4812-B9C5-E10C20C209D0}"
EndProject
Project("{FAE04EC0-301F-11D3-BF4B-00C04F79EFBC}") = "_2.DistanceCalculator", "_2.DistanceCalculator\_2.DistanceCalculator.csproj", "{FAB7BB29-52E1-4A79-B9AA-DC42B83DBEB6}"
EndProject
Project("{FAE04EC0-301F-11D3-BF4B-00C04F79EFBC}") = "_3.Paths", "_3.Paths\_3.Paths.csproj", "{4B8184CC-3459-42D5-81D7-B1F3D7CD4A6D}"
EndProject
Project("{FAE04EC0-301F-11D3-BF4B-00C04F79EFBC}") = "_4.Namespaces", "_4.Namespaces\_4.Namespaces.csproj", "{CE7330CF-FD48-4C2F-9BCA-73FD06083BC1}"
EndProject
Global
	GlobalSection(SolutionConfigurationPlatforms) = preSolution
		Debug|Any CPU = Debug|Any CPU
		Release|Any CPU = Release|Any CPU
	EndGlobalSection
	GlobalSection(ProjectConfigurationPlatforms) = postSolution
		{104B5324-F7DC-4812-B9C5-E10C20C209D0}.Debug|Any CPU.ActiveCfg = Debug|Any CPU
		{104B5324-F7DC-4812-B9C5-E10C20C209D0}.Debug|Any CPU.Build.0 = Debug|Any CPU
		{104B5324-F7DC-4812-B9C5-E10C20C209D0}.Release|Any CPU.ActiveCfg = Release|Any CPU
		{104B5324-F7DC-4812-B9C5-E10C20C209D0}.Release|Any CPU.Build.0 = Release|Any CPU
		{FAB7BB29-52E1-4A79-B9AA-DC42B83DBEB6}.Debug|Any CPU.ActiveCfg = Debug|Any CPU
		{FAB7BB29-52E1-4A79-B9AA-DC42B83DBEB6}.Debug|Any CPU.Build.0 = Debug|Any CPU
		{FAB7BB29-52E1-4A79-B9AA-DC42B83DBEB6}.Release|Any CPU.ActiveCfg = Release|Any CPU
		{FAB7BB29-52E1-4A79-B9AA-DC42B83DBEB6}.Release|Any CPU.Build.0 = Release|Any CPU
		{4B8184CC-3459-42D5-81D7-B1F3D7CD4A6D}.Debug|Any CPU.ActiveCfg = Debug|Any CPU
		{4B8184CC-3459-42D5-81D7-B1F3D7CD4A6D}.Debug|Any CPU.Build.0 = Debug|Any CPU
		{4B8184CC-3459-42D5-81D7-B1F3D7CD4A6D}.Release|Any CPU.ActiveCfg = Release|Any CPU
		{4B8184CC-3459-42D5-81D7-B1F3D7CD4A6D}.Release|Any CPU.Build.0 = Release|Any CPU
		{CE7330CF-FD48-4C2F-9BCA-73FD06083BC1}.Debug|Any CPU.ActiveCfg = Debug|Any CPU
		{CE7330CF-FD48-4C2F-9BCA-73FD06083BC1}.Debug|Any CPU.Build.0 = Debug|Any CPU
		{CE7330CF-FD48-4C2F-9BCA-73FD06083BC1}.Release|Any CPU.ActiveCfg = Release|Any CPU
		{CE7330CF-FD48-4C2F-9BCA-73FD06083BC1}.Release|Any CPU.Build.0 = Release|Any CPU
	EndGlobalSection
	GlobalSection(SolutionProperties) = preSolution
		HideSolutionNode = FALSE
	EndGlobalSection
EndGlobal
