
Microsoft Visual Studio Solution File, Format Version 12.00
# Visual Studio 2013
VisualStudioVersion = 12.0.31101.0
MinimumVisualStudioVersion = 10.0.40219.1
Project("{FAE04EC0-301F-11D3-BF4B-00C04F79EFBC}") = "ReverseString", "ReverseString\ReverseString.csproj", "{4C5D0628-1A57-45FE-AFA0-8DAF36636267}"
EndProject
Project("{FAE04EC0-301F-11D3-BF4B-00C04F79EFBC}") = "StringLength", "StringLength\StringLength.csproj", "{6D381789-DCFD-4588-BAC5-FF2566A8CD2E}"
EndProject
Project("{FAE04EC0-301F-11D3-BF4B-00C04F79EFBC}") = "CountSubstrings", "CountSubstrings\CountSubstrings.csproj", "{1D5DD4ED-9BB1-480B-A643-B13ACDF8E83B}"
EndProject
Project("{FAE04EC0-301F-11D3-BF4B-00C04F79EFBC}") = "TextFilter", "TextFilter\TextFilter.csproj", "{FB4F67B6-B79A-41CD-A403-D147A813FC1C}"
EndProject
Project("{FAE04EC0-301F-11D3-BF4B-00C04F79EFBC}") = "UnicodeCharacters", "UnicodeCharacters\UnicodeCharacters.csproj", "{FF0B74C7-433A-486B-A3CD-3C22C31EBFCB}"
EndProject
Project("{FAE04EC0-301F-11D3-BF4B-00C04F79EFBC}") = "Palindromes", "Palindromes\Palindromes.csproj", "{B282AC43-71FF-4BCE-8076-CF27D9AAFE27}"
EndProject
Global
	GlobalSection(SolutionConfigurationPlatforms) = preSolution
		Debug|Any CPU = Debug|Any CPU
		Release|Any CPU = Release|Any CPU
	EndGlobalSection
	GlobalSection(ProjectConfigurationPlatforms) = postSolution
		{4C5D0628-1A57-45FE-AFA0-8DAF36636267}.Debug|Any CPU.ActiveCfg = Debug|Any CPU
		{4C5D0628-1A57-45FE-AFA0-8DAF36636267}.Debug|Any CPU.Build.0 = Debug|Any CPU
		{4C5D0628-1A57-45FE-AFA0-8DAF36636267}.Release|Any CPU.ActiveCfg = Release|Any CPU
		{4C5D0628-1A57-45FE-AFA0-8DAF36636267}.Release|Any CPU.Build.0 = Release|Any CPU
		{6D381789-DCFD-4588-BAC5-FF2566A8CD2E}.Debug|Any CPU.ActiveCfg = Debug|Any CPU
		{6D381789-DCFD-4588-BAC5-FF2566A8CD2E}.Debug|Any CPU.Build.0 = Debug|Any CPU
		{6D381789-DCFD-4588-BAC5-FF2566A8CD2E}.Release|Any CPU.ActiveCfg = Release|Any CPU
		{6D381789-DCFD-4588-BAC5-FF2566A8CD2E}.Release|Any CPU.Build.0 = Release|Any CPU
		{1D5DD4ED-9BB1-480B-A643-B13ACDF8E83B}.Debug|Any CPU.ActiveCfg = Debug|Any CPU
		{1D5DD4ED-9BB1-480B-A643-B13ACDF8E83B}.Debug|Any CPU.Build.0 = Debug|Any CPU
		{1D5DD4ED-9BB1-480B-A643-B13ACDF8E83B}.Release|Any CPU.ActiveCfg = Release|Any CPU
		{1D5DD4ED-9BB1-480B-A643-B13ACDF8E83B}.Release|Any CPU.Build.0 = Release|Any CPU
		{FB4F67B6-B79A-41CD-A403-D147A813FC1C}.Debug|Any CPU.ActiveCfg = Debug|Any CPU
		{FB4F67B6-B79A-41CD-A403-D147A813FC1C}.Debug|Any CPU.Build.0 = Debug|Any CPU
		{FB4F67B6-B79A-41CD-A403-D147A813FC1C}.Release|Any CPU.ActiveCfg = Release|Any CPU
		{FB4F67B6-B79A-41CD-A403-D147A813FC1C}.Release|Any CPU.Build.0 = Release|Any CPU
		{FF0B74C7-433A-486B-A3CD-3C22C31EBFCB}.Debug|Any CPU.ActiveCfg = Debug|Any CPU
		{FF0B74C7-433A-486B-A3CD-3C22C31EBFCB}.Debug|Any CPU.Build.0 = Debug|Any CPU
		{FF0B74C7-433A-486B-A3CD-3C22C31EBFCB}.Release|Any CPU.ActiveCfg = Release|Any CPU
		{FF0B74C7-433A-486B-A3CD-3C22C31EBFCB}.Release|Any CPU.Build.0 = Release|Any CPU
		{B282AC43-71FF-4BCE-8076-CF27D9AAFE27}.Debug|Any CPU.ActiveCfg = Debug|Any CPU
		{B282AC43-71FF-4BCE-8076-CF27D9AAFE27}.Debug|Any CPU.Build.0 = Debug|Any CPU
		{B282AC43-71FF-4BCE-8076-CF27D9AAFE27}.Release|Any CPU.ActiveCfg = Release|Any CPU
		{B282AC43-71FF-4BCE-8076-CF27D9AAFE27}.Release|Any CPU.Build.0 = Release|Any CPU
	EndGlobalSection
	GlobalSection(SolutionProperties) = preSolution
		HideSolutionNode = FALSE
	EndGlobalSection
EndGlobal
